// !$*UTF8*$!
{
	archiveVersion = 1;
	classes = {
	};
	objectVersion = 46;
	objects = {

/* Begin PBXBuildFile section */
		1FD86FB61FD6E2650073D700 /* Asteroide.cpp in Sources */ = {isa = PBXBuildFile; fileRef = 1FD86FB41FD6E2650073D700 /* Asteroide.cpp */; };
		1FD86FB91FD6E38C0073D700 /* Polygone.cpp in Sources */ = {isa = PBXBuildFile; fileRef = 1FD86FB71FD6E38C0073D700 /* Polygone.cpp */; };
		1FD86FBC1FD844560073D700 /* GameControler.cpp in Sources */ = {isa = PBXBuildFile; fileRef = 1FD86FBA1FD844560073D700 /* GameControler.cpp */; };
		1FD86FBF1FD845730073D700 /* Case.cpp in Sources */ = {isa = PBXBuildFile; fileRef = 1FD86FBD1FD845730073D700 /* Case.cpp */; };
		1FD86FC31FD8843B0073D700 /* Joueur.cpp in Sources */ = {isa = PBXBuildFile; fileRef = 1FD86FC11FD8843B0073D700 /* Joueur.cpp */; };
		1FD86FC61FD88DD90073D700 /* Helper.cpp in Sources */ = {isa = PBXBuildFile; fileRef = 1FD86FC41FD88DD90073D700 /* Helper.cpp */; };
		1FD86FC91FD992A70073D700 /* Vaisseaux_VS_Asteroides.cpp in Sources */ = {isa = PBXBuildFile; fileRef = 1FD86FC71FD992A70073D700 /* Vaisseaux_VS_Asteroides.cpp */; };
		1FD86FD01FD995A40073D700 /* Vaisseau.cpp in Sources */ = {isa = PBXBuildFile; fileRef = 1FD86FCE1FD995A40073D700 /* Vaisseau.cpp */; };
		2EFFA1031F89199500D3BA04 /* main.cpp in Sources */ = {isa = PBXBuildFile; fileRef = 2EFFA0F81F89199500D3BA04 /* main.cpp */; };
		2EFFA1041F89199500D3BA04 /* MyControlEngine.cpp in Sources */ = {isa = PBXBuildFile; fileRef = 2EFFA0F91F89199500D3BA04 /* MyControlEngine.cpp */; };
		2EFFA1051F89199500D3BA04 /* MyGameEngine.cpp in Sources */ = {isa = PBXBuildFile; fileRef = 2EFFA0FB1F89199500D3BA04 /* MyGameEngine.cpp */; };
		2EFFA1061F89199500D3BA04 /* MyGraphicEngine.cpp in Sources */ = {isa = PBXBuildFile; fileRef = 2EFFA0FD1F89199500D3BA04 /* MyGraphicEngine.cpp */; };
		2EFFA10A1F8919BF00D3BA04 /* OpenGL.framework in Frameworks */ = {isa = PBXBuildFile; fileRef = 2EFFA1091F8919BF00D3BA04 /* OpenGL.framework */; };
		2EFFA10C1F8919C600D3BA04 /* GLUT.framework in Frameworks */ = {isa = PBXBuildFile; fileRef = 2EFFA10B1F8919C600D3BA04 /* GLUT.framework */; };
		2EFFA1101F891BEE00D3BA04 /* libEngine.a in Frameworks */ = {isa = PBXBuildFile; fileRef = 2EFFA10F1F891BEE00D3BA04 /* libEngine.a */; };
/* End PBXBuildFile section */

/* Begin PBXCopyFilesBuildPhase section */
		2EFFA0DE1F8918B200D3BA04 /* CopyFiles */ = {
			isa = PBXCopyFilesBuildPhase;
			buildActionMask = 2147483647;
			dstPath = /usr/share/man/man1/;
			dstSubfolderSpec = 0;
			files = (
			);
			runOnlyForDeploymentPostprocessing = 1;
		};
/* End PBXCopyFilesBuildPhase section */

/* Begin PBXFileReference section */
		1FD86FB41FD6E2650073D700 /* Asteroide.cpp */ = {isa = PBXFileReference; lastKnownFileType = sourcecode.cpp.cpp; path = Asteroide.cpp; sourceTree = "<group>"; };
		1FD86FB51FD6E2650073D700 /* Asteroide.h */ = {isa = PBXFileReference; lastKnownFileType = sourcecode.c.h; path = Asteroide.h; sourceTree = "<group>"; };
		1FD86FB71FD6E38C0073D700 /* Polygone.cpp */ = {isa = PBXFileReference; lastKnownFileType = sourcecode.cpp.cpp; path = Polygone.cpp; sourceTree = "<group>"; };
		1FD86FB81FD6E38C0073D700 /* Polygone.h */ = {isa = PBXFileReference; lastKnownFileType = sourcecode.c.h; path = Polygone.h; sourceTree = "<group>"; };
		1FD86FBA1FD844560073D700 /* GameControler.cpp */ = {isa = PBXFileReference; lastKnownFileType = sourcecode.cpp.cpp; path = GameControler.cpp; sourceTree = "<group>"; };
		1FD86FBB1FD844560073D700 /* GameControler.h */ = {isa = PBXFileReference; lastKnownFileType = sourcecode.c.h; path = GameControler.h; sourceTree = "<group>"; };
		1FD86FBD1FD845730073D700 /* Case.cpp */ = {isa = PBXFileReference; lastKnownFileType = sourcecode.cpp.cpp; path = Case.cpp; sourceTree = "<group>"; };
		1FD86FBE1FD845730073D700 /* Case.h */ = {isa = PBXFileReference; lastKnownFileType = sourcecode.c.h; path = Case.h; sourceTree = "<group>"; };
		1FD86FC11FD8843B0073D700 /* Joueur.cpp */ = {isa = PBXFileReference; lastKnownFileType = sourcecode.cpp.cpp; path = Joueur.cpp; sourceTree = "<group>"; };
		1FD86FC21FD8843B0073D700 /* Joueur.h */ = {isa = PBXFileReference; lastKnownFileType = sourcecode.c.h; path = Joueur.h; sourceTree = "<group>"; };
		1FD86FC41FD88DD90073D700 /* Helper.cpp */ = {isa = PBXFileReference; lastKnownFileType = sourcecode.cpp.cpp; path = Helper.cpp; sourceTree = "<group>"; };
		1FD86FC51FD88DD90073D700 /* Helper.h */ = {isa = PBXFileReference; lastKnownFileType = sourcecode.c.h; path = Helper.h; sourceTree = "<group>"; };
		1FD86FC71FD992A70073D700 /* Vaisseaux_VS_Asteroides.cpp */ = {isa = PBXFileReference; lastKnownFileType = sourcecode.cpp.cpp; path = Vaisseaux_VS_Asteroides.cpp; sourceTree = "<group>"; };
		1FD86FC81FD992A70073D700 /* Vaisseaux_VS_Asteroides.h */ = {isa = PBXFileReference; lastKnownFileType = sourcecode.c.h; path = Vaisseaux_VS_Asteroides.h; sourceTree = "<group>"; };
		1FD86FCE1FD995A40073D700 /* Vaisseau.cpp */ = {isa = PBXFileReference; lastKnownFileType = sourcecode.cpp.cpp; path = Vaisseau.cpp; sourceTree = "<group>"; };
		1FD86FCF1FD995A40073D700 /* Vaisseau.h */ = {isa = PBXFileReference; lastKnownFileType = sourcecode.c.h; path = Vaisseau.h; sourceTree = "<group>"; };
		1FD86FD21FD9EB8A0073D700 /* GraphicShape.h */ = {isa = PBXFileReference; lastKnownFileType = sourcecode.c.h; path = GraphicShape.h; sourceTree = "<group>"; };
		1FD86FD51FDA059B0073D700 /* Colors.h */ = {isa = PBXFileReference; lastKnownFileType = sourcecode.c.h; path = Colors.h; sourceTree = "<group>"; };
		1FE988A51FD6D8DB00954EB1 /* ControlEngine.h */ = {isa = PBXFileReference; lastKnownFileType = sourcecode.c.h; path = ControlEngine.h; sourceTree = "<group>"; };
		1FE988A61FD6D8DB00954EB1 /* Engine.h */ = {isa = PBXFileReference; lastKnownFileType = sourcecode.c.h; path = Engine.h; sourceTree = "<group>"; };
		1FE988A71FD6D8DB00954EB1 /* GameEngine.h */ = {isa = PBXFileReference; lastKnownFileType = sourcecode.c.h; path = GameEngine.h; sourceTree = "<group>"; };
		1FE988A91FD6D8DB00954EB1 /* glut.h */ = {isa = PBXFileReference; lastKnownFileType = sourcecode.c.h; path = glut.h; sourceTree = "<group>"; };
		1FE988AA1FD6D8DB00954EB1 /* GraphicEngine.h */ = {isa = PBXFileReference; lastKnownFileType = sourcecode.c.h; path = GraphicEngine.h; sourceTree = "<group>"; };
		1FE988AB1FD6D8DB00954EB1 /* GraphicPrimitives.cpp */ = {isa = PBXFileReference; lastKnownFileType = sourcecode.cpp.cpp; path = GraphicPrimitives.cpp; sourceTree = "<group>"; };
		1FE988AC1FD6D8DB00954EB1 /* GraphicPrimitives.h */ = {isa = PBXFileReference; lastKnownFileType = sourcecode.c.h; path = GraphicPrimitives.h; sourceTree = "<group>"; };
		1FE988AD1FD6D8DB00954EB1 /* libGraphicInclude.h */ = {isa = PBXFileReference; lastKnownFileType = sourcecode.c.h; path = libGraphicInclude.h; sourceTree = "<group>"; };
		1FE988AE1FD6D8DB00954EB1 /* Stopwatch.h */ = {isa = PBXFileReference; lastKnownFileType = sourcecode.c.h; path = Stopwatch.h; sourceTree = "<group>"; };
		2EFFA0E01F8918B200D3BA04 /* Tower Defense */ = {isa = PBXFileReference; explicitFileType = "compiled.mach-o.executable"; includeInIndex = 0; path = "Tower Defense"; sourceTree = BUILT_PRODUCTS_DIR; };
		2EFFA0F81F89199500D3BA04 /* main.cpp */ = {isa = PBXFileReference; fileEncoding = 4; lastKnownFileType = sourcecode.cpp.cpp; path = main.cpp; sourceTree = "<group>"; };
		2EFFA0F91F89199500D3BA04 /* MyControlEngine.cpp */ = {isa = PBXFileReference; fileEncoding = 4; lastKnownFileType = sourcecode.cpp.cpp; path = MyControlEngine.cpp; sourceTree = "<group>"; };
		2EFFA0FA1F89199500D3BA04 /* MyControlEngine.h */ = {isa = PBXFileReference; fileEncoding = 4; lastKnownFileType = sourcecode.c.h; path = MyControlEngine.h; sourceTree = "<group>"; };
		2EFFA0FB1F89199500D3BA04 /* MyGameEngine.cpp */ = {isa = PBXFileReference; fileEncoding = 4; lastKnownFileType = sourcecode.cpp.cpp; path = MyGameEngine.cpp; sourceTree = "<group>"; };
		2EFFA0FC1F89199500D3BA04 /* MyGameEngine.h */ = {isa = PBXFileReference; fileEncoding = 4; lastKnownFileType = sourcecode.c.h; path = MyGameEngine.h; sourceTree = "<group>"; };
		2EFFA0FD1F89199500D3BA04 /* MyGraphicEngine.cpp */ = {isa = PBXFileReference; fileEncoding = 4; lastKnownFileType = sourcecode.cpp.cpp; path = MyGraphicEngine.cpp; sourceTree = "<group>"; };
		2EFFA0FE1F89199500D3BA04 /* MyGraphicEngine.h */ = {isa = PBXFileReference; fileEncoding = 4; lastKnownFileType = sourcecode.c.h; path = MyGraphicEngine.h; sourceTree = "<group>"; };
		2EFFA1091F8919BF00D3BA04 /* OpenGL.framework */ = {isa = PBXFileReference; lastKnownFileType = wrapper.framework; name = OpenGL.framework; path = System/Library/Frameworks/OpenGL.framework; sourceTree = SDKROOT; };
		2EFFA10B1F8919C600D3BA04 /* GLUT.framework */ = {isa = PBXFileReference; lastKnownFileType = wrapper.framework; name = GLUT.framework; path = System/Library/Frameworks/GLUT.framework; sourceTree = SDKROOT; };
		2EFFA10F1F891BEE00D3BA04 /* libEngine.a */ = {isa = PBXFileReference; lastKnownFileType = archive.ar; name = libEngine.a; path = libMac/libEngine.a; sourceTree = "<group>"; };
/* End PBXFileReference section */

/* Begin PBXFrameworksBuildPhase section */
		2EFFA0DD1F8918B200D3BA04 /* Frameworks */ = {
			isa = PBXFrameworksBuildPhase;
			buildActionMask = 2147483647;
			files = (
				2EFFA1101F891BEE00D3BA04 /* libEngine.a in Frameworks */,
				2EFFA10C1F8919C600D3BA04 /* GLUT.framework in Frameworks */,
				2EFFA10A1F8919BF00D3BA04 /* OpenGL.framework in Frameworks */,
			);
			runOnlyForDeploymentPostprocessing = 0;
		};
/* End PBXFrameworksBuildPhase section */

/* Begin PBXGroup section */
		1FD86FC01FD8651F0073D700 /* Basique Items */ = {
			isa = PBXGroup;
			children = (
				1FD86FD51FDA059B0073D700 /* Colors.h */,
				1FD86FC41FD88DD90073D700 /* Helper.cpp */,
				1FD86FC51FD88DD90073D700 /* Helper.h */,
				1FD86FBA1FD844560073D700 /* GameControler.cpp */,
				1FD86FBB1FD844560073D700 /* GameControler.h */,
				2EFFA0F91F89199500D3BA04 /* MyControlEngine.cpp */,
				2EFFA0FA1F89199500D3BA04 /* MyControlEngine.h */,
				2EFFA0FB1F89199500D3BA04 /* MyGameEngine.cpp */,
				2EFFA0FC1F89199500D3BA04 /* MyGameEngine.h */,
				2EFFA0FD1F89199500D3BA04 /* MyGraphicEngine.cpp */,
				2EFFA0FE1F89199500D3BA04 /* MyGraphicEngine.h */,
			);
			path = "Basique Items";
			sourceTree = "<group>";
		};
		1FD86FD41FD9EFC10073D700 /* Done */ = {
			isa = PBXGroup;
			children = (
				1FD86FC11FD8843B0073D700 /* Joueur.cpp */,
				1FD86FC21FD8843B0073D700 /* Joueur.h */,
			);
			path = Done;
			sourceTree = "<group>";
		};
		1FE988A41FD6D8DB00954EB1 /* lib */ = {
			isa = PBXGroup;
			children = (
				1FE988A51FD6D8DB00954EB1 /* ControlEngine.h */,
				1FE988A61FD6D8DB00954EB1 /* Engine.h */,
				1FE988A71FD6D8DB00954EB1 /* GameEngine.h */,
				1FE988A81FD6D8DB00954EB1 /* GL */,
				1FE988AA1FD6D8DB00954EB1 /* GraphicEngine.h */,
				1FE988AB1FD6D8DB00954EB1 /* GraphicPrimitives.cpp */,
				1FE988AC1FD6D8DB00954EB1 /* GraphicPrimitives.h */,
				1FE988AD1FD6D8DB00954EB1 /* libGraphicInclude.h */,
				1FE988AE1FD6D8DB00954EB1 /* Stopwatch.h */,
			);
			path = lib;
			sourceTree = "<group>";
		};
		1FE988A81FD6D8DB00954EB1 /* GL */ = {
			isa = PBXGroup;
			children = (
				1FE988A91FD6D8DB00954EB1 /* glut.h */,
			);
			path = GL;
			sourceTree = "<group>";
		};
		2EFFA0D71F8918B200D3BA04 = {
			isa = PBXGroup;
			children = (
				2EFFA0EA1F89199500D3BA04 /* include */,
				2EFFA0F71F89199500D3BA04 /* src */,
				2EFFA0E11F8918B200D3BA04 /* Products */,
				2EFFA1081F8919BF00D3BA04 /* Frameworks */,
			);
			sourceTree = "<group>";
		};
		2EFFA0E11F8918B200D3BA04 /* Products */ = {
			isa = PBXGroup;
			children = (
				2EFFA0E01F8918B200D3BA04 /* Tower Defense */,
			);
			name = Products;
			sourceTree = "<group>";
		};
		2EFFA0EA1F89199500D3BA04 /* include */ = {
			isa = PBXGroup;
			children = (
				1FE988A41FD6D8DB00954EB1 /* lib */,
			);
			path = include;
			sourceTree = "<group>";
		};
		2EFFA0F71F89199500D3BA04 /* src */ = {
			isa = PBXGroup;
			children = (
				1FD86FD21FD9EB8A0073D700 /* GraphicShape.h */,
				1FD86FCE1FD995A40073D700 /* Vaisseau.cpp */,
				1FD86FCF1FD995A40073D700 /* Vaisseau.h */,
				2EFFA0F81F89199500D3BA04 /* main.cpp */,
				1FD86FC71FD992A70073D700 /* Vaisseaux_VS_Asteroides.cpp */,
				1FD86FC81FD992A70073D700 /* Vaisseaux_VS_Asteroides.h */,
				1FD86FB71FD6E38C0073D700 /* Polygone.cpp */,
				1FD86FB81FD6E38C0073D700 /* Polygone.h */,
				1FD86FBD1FD845730073D700 /* Case.cpp */,
				1FD86FBE1FD845730073D700 /* Case.h */,
				1FD86FB41FD6E2650073D700 /* Asteroide.cpp */,
				1FD86FB51FD6E2650073D700 /* Asteroide.h */,
				1FD86FD41FD9EFC10073D700 /* Done */,
				1FD86FC01FD8651F0073D700 /* Basique Items */,
			);
			path = src;
			sourceTree = "<group>";
		};
		2EFFA1081F8919BF00D3BA04 /* Frameworks */ = {
			isa = PBXGroup;
			children = (
				2EFFA10F1F891BEE00D3BA04 /* libEngine.a */,
				2EFFA10B1F8919C600D3BA04 /* GLUT.framework */,
				2EFFA1091F8919BF00D3BA04 /* OpenGL.framework */,
			);
			name = Frameworks;
			sourceTree = "<group>";
		};
/* End PBXGroup section */

/* Begin PBXNativeTarget section */
		2EFFA0DF1F8918B200D3BA04 /* Projet C++ M1-IFI 2017 */ = {
			isa = PBXNativeTarget;
			buildConfigurationList = 2EFFA0E71F8918B200D3BA04 /* Build configuration list for PBXNativeTarget "Projet C++ M1-IFI 2017" */;
			buildPhases = (
				2EFFA0DC1F8918B200D3BA04 /* Sources */,
				2EFFA0DD1F8918B200D3BA04 /* Frameworks */,
				2EFFA0DE1F8918B200D3BA04 /* CopyFiles */,
			);
			buildRules = (
			);
			dependencies = (
			);
			name = "Projet C++ M1-IFI 2017";
			productName = generical_libGraphProject;
			productReference = 2EFFA0E01F8918B200D3BA04 /* Tower Defense */;
			productType = "com.apple.product-type.tool";
		};
/* End PBXNativeTarget section */

/* Begin PBXProject section */
		2EFFA0D81F8918B200D3BA04 /* Project object */ = {
			isa = PBXProject;
			attributes = {
				LastUpgradeCheck = 0910;
				ORGANIZATIONNAME = "Herrick Wolber";
				TargetAttributes = {
					2EFFA0DF1F8918B200D3BA04 = {
						CreatedOnToolsVersion = 8.2.1;
						DevelopmentTeam = X776XA45RM;
						ProvisioningStyle = Automatic;
					};
				};
			};
			buildConfigurationList = 2EFFA0DB1F8918B200D3BA04 /* Build configuration list for PBXProject "TowerDefense" */;
			compatibilityVersion = "Xcode 3.2";
			developmentRegion = English;
			hasScannedForEncodings = 0;
			knownRegions = (
				en,
			);
			mainGroup = 2EFFA0D71F8918B200D3BA04;
			productRefGroup = 2EFFA0E11F8918B200D3BA04 /* Products */;
			projectDirPath = "";
			projectRoot = "";
			targets = (
				2EFFA0DF1F8918B200D3BA04 /* Projet C++ M1-IFI 2017 */,
			);
		};
/* End PBXProject section */

/* Begin PBXSourcesBuildPhase section */
		2EFFA0DC1F8918B200D3BA04 /* Sources */ = {
			isa = PBXSourcesBuildPhase;
			buildActionMask = 2147483647;
			files = (
				1FD86FBF1FD845730073D700 /* Case.cpp in Sources */,
				1FD86FC31FD8843B0073D700 /* Joueur.cpp in Sources */,
				2EFFA1061F89199500D3BA04 /* MyGraphicEngine.cpp in Sources */,
				1FD86FB91FD6E38C0073D700 /* Polygone.cpp in Sources */,
				2EFFA1031F89199500D3BA04 /* main.cpp in Sources */,
				1FD86FB61FD6E2650073D700 /* Asteroide.cpp in Sources */,
				1FD86FD01FD995A40073D700 /* Vaisseau.cpp in Sources */,
				1FD86FC61FD88DD90073D700 /* Helper.cpp in Sources */,
				1FD86FBC1FD844560073D700 /* GameControler.cpp in Sources */,
				2EFFA1041F89199500D3BA04 /* MyControlEngine.cpp in Sources */,
				2EFFA1051F89199500D3BA04 /* MyGameEngine.cpp in Sources */,
				1FD86FC91FD992A70073D700 /* Vaisseaux_VS_Asteroides.cpp in Sources */,
			);
			runOnlyForDeploymentPostprocessing = 0;
		};
/* End PBXSourcesBuildPhase section */

/* Begin XCBuildConfiguration section */
		2EFFA0E51F8918B200D3BA04 /* Debug */ = {
			isa = XCBuildConfiguration;
			buildSettings = {
				ALWAYS_SEARCH_USER_PATHS = NO;
				CLANG_ANALYZER_NONNULL = YES;
				CLANG_CXX_LANGUAGE_STANDARD = "gnu++0x";
				CLANG_CXX_LIBRARY = "libc++";
				CLANG_ENABLE_MODULES = YES;
				CLANG_ENABLE_OBJC_ARC = YES;
				CLANG_WARN_BLOCK_CAPTURE_AUTORELEASING = YES;
				CLANG_WARN_BOOL_CONVERSION = YES;
				CLANG_WARN_COMMA = YES;
				CLANG_WARN_CONSTANT_CONVERSION = YES;
				CLANG_WARN_DIRECT_OBJC_ISA_USAGE = YES_ERROR;
				CLANG_WARN_DOCUMENTATION_COMMENTS = YES;
				CLANG_WARN_EMPTY_BODY = YES;
				CLANG_WARN_ENUM_CONVERSION = YES;
				CLANG_WARN_INFINITE_RECURSION = YES;
				CLANG_WARN_INT_CONVERSION = YES;
				CLANG_WARN_NON_LITERAL_NULL_CONVERSION = YES;
				CLANG_WARN_OBJC_LITERAL_CONVERSION = YES;
				CLANG_WARN_OBJC_ROOT_CLASS = YES_ERROR;
				CLANG_WARN_RANGE_LOOP_ANALYSIS = YES;
				CLANG_WARN_STRICT_PROTOTYPES = YES;
				CLANG_WARN_SUSPICIOUS_MOVE = YES;
				CLANG_WARN_UNREACHABLE_CODE = YES;
				CLANG_WARN__DUPLICATE_METHOD_MATCH = YES;
				CODE_SIGN_IDENTITY = "-";
				COPY_PHASE_STRIP = NO;
				DEBUG_INFORMATION_FORMAT = dwarf;
				ENABLE_STRICT_OBJC_MSGSEND = YES;
				ENABLE_TESTABILITY = YES;
				GCC_C_LANGUAGE_STANDARD = gnu99;
				GCC_DYNAMIC_NO_PIC = NO;
				GCC_NO_COMMON_BLOCKS = YES;
				GCC_OPTIMIZATION_LEVEL = 0;
				GCC_PREPROCESSOR_DEFINITIONS = (
					"DEBUG=1",
					"$(inherited)",
				);
				GCC_WARN_64_TO_32_BIT_CONVERSION = YES;
				GCC_WARN_ABOUT_RETURN_TYPE = YES_ERROR;
				GCC_WARN_UNDECLARED_SELECTOR = YES;
				GCC_WARN_UNINITIALIZED_AUTOS = YES_AGGRESSIVE;
				GCC_WARN_UNUSED_FUNCTION = YES;
				GCC_WARN_UNUSED_VARIABLE = YES;
				MACOSX_DEPLOYMENT_TARGET = 10.11;
				MTL_ENABLE_DEBUG_INFO = YES;
				ONLY_ACTIVE_ARCH = YES;
				SDKROOT = macosx;
			};
			name = Debug;
		};
		2EFFA0E61F8918B200D3BA04 /* Release */ = {
			isa = XCBuildConfiguration;
			buildSettings = {
				ALWAYS_SEARCH_USER_PATHS = NO;
				CLANG_ANALYZER_NONNULL = YES;
				CLANG_CXX_LANGUAGE_STANDARD = "gnu++0x";
				CLANG_CXX_LIBRARY = "libc++";
				CLANG_ENABLE_MODULES = YES;
				CLANG_ENABLE_OBJC_ARC = YES;
				CLANG_WARN_BLOCK_CAPTURE_AUTORELEASING = YES;
				CLANG_WARN_BOOL_CONVERSION = YES;
				CLANG_WARN_COMMA = YES;
				CLANG_WARN_CONSTANT_CONVERSION = YES;
				CLANG_WARN_DIRECT_OBJC_ISA_USAGE = YES_ERROR;
				CLANG_WARN_DOCUMENTATION_COMMENTS = YES;
				CLANG_WARN_EMPTY_BODY = YES;
				CLANG_WARN_ENUM_CONVERSION = YES;
				CLANG_WARN_INFINITE_RECURSION = YES;
				CLANG_WARN_INT_CONVERSION = YES;
				CLANG_WARN_NON_LITERAL_NULL_CONVERSION = YES;
				CLANG_WARN_OBJC_LITERAL_CONVERSION = YES;
				CLANG_WARN_OBJC_ROOT_CLASS = YES_ERROR;
				CLANG_WARN_RANGE_LOOP_ANALYSIS = YES;
				CLANG_WARN_STRICT_PROTOTYPES = YES;
				CLANG_WARN_SUSPICIOUS_MOVE = YES;
				CLANG_WARN_UNREACHABLE_CODE = YES;
				CLANG_WARN__DUPLICATE_METHOD_MATCH = YES;
				CODE_SIGN_IDENTITY = "-";
				COPY_PHASE_STRIP = NO;
				DEBUG_INFORMATION_FORMAT = "dwarf-with-dsym";
				ENABLE_NS_ASSERTIONS = NO;
				ENABLE_STRICT_OBJC_MSGSEND = YES;
				GCC_C_LANGUAGE_STANDARD = gnu99;
				GCC_NO_COMMON_BLOCKS = YES;
				GCC_WARN_64_TO_32_BIT_CONVERSION = YES;
				GCC_WARN_ABOUT_RETURN_TYPE = YES_ERROR;
				GCC_WARN_UNDECLARED_SELECTOR = YES;
				GCC_WARN_UNINITIALIZED_AUTOS = YES_AGGRESSIVE;
				GCC_WARN_UNUSED_FUNCTION = YES;
				GCC_WARN_UNUSED_VARIABLE = YES;
				MACOSX_DEPLOYMENT_TARGET = 10.11;
				MTL_ENABLE_DEBUG_INFO = NO;
				SDKROOT = macosx;
			};
			name = Release;
		};
		2EFFA0E81F8918B200D3BA04 /* Debug */ = {
			isa = XCBuildConfiguration;
			buildSettings = {
				CODE_SIGN_STYLE = Automatic;
				DEVELOPMENT_TEAM = X776XA45RM;
				LIBRARY_SEARCH_PATHS = (
					"$(inherited)",
					"$(PROJECT_DIR)/include/lib",
					"$(PROJECT_DIR)/libMac",
				);
				MACOSX_DEPLOYMENT_TARGET = 10.11;
				PRODUCT_MODULE_NAME = "Tower Defense";
				PRODUCT_NAME = "Tower Defense";
			};
			name = Debug;
		};
		2EFFA0E91F8918B200D3BA04 /* Release */ = {
			isa = XCBuildConfiguration;
			buildSettings = {
				CODE_SIGN_STYLE = Automatic;
				DEVELOPMENT_TEAM = X776XA45RM;
				LIBRARY_SEARCH_PATHS = (
					"$(inherited)",
					"$(PROJECT_DIR)/include/lib",
					"$(PROJECT_DIR)/libMac",
				);
				MACOSX_DEPLOYMENT_TARGET = 10.11;
				PRODUCT_MODULE_NAME = "Tower Defense";
				PRODUCT_NAME = "Tower Defense";
			};
			name = Release;
		};
/* End XCBuildConfiguration section */

/* Begin XCConfigurationList section */
		2EFFA0DB1F8918B200D3BA04 /* Build configuration list for PBXProject "TowerDefense" */ = {
			isa = XCConfigurationList;
			buildConfigurations = (
				2EFFA0E51F8918B200D3BA04 /* Debug */,
				2EFFA0E61F8918B200D3BA04 /* Release */,
			);
			defaultConfigurationIsVisible = 0;
			defaultConfigurationName = Release;
		};
		2EFFA0E71F8918B200D3BA04 /* Build configuration list for PBXNativeTarget "Projet C++ M1-IFI 2017" */ = {
			isa = XCConfigurationList;
			buildConfigurations = (
				2EFFA0E81F8918B200D3BA04 /* Debug */,
				2EFFA0E91F8918B200D3BA04 /* Release */,
			);
			defaultConfigurationIsVisible = 0;
			defaultConfigurationName = Release;
		};
/* End XCConfigurationList section */
	};
	rootObject = 2EFFA0D81F8918B200D3BA04 /* Project object */;
}
